// !$*UTF8*$!
{
	archiveVersion = 1;
	classes = {
	};
	objectVersion = 55;
	objects = {

/* Begin PBXBuildFile section */
		F54525252833E9140053E218 /* AppDelegate.swift in Sources */ = {isa = PBXBuildFile; fileRef = F54525242833E9140053E218 /* AppDelegate.swift */; };
		F54525272833E9140053E218 /* SceneDelegate.swift in Sources */ = {isa = PBXBuildFile; fileRef = F54525262833E9140053E218 /* SceneDelegate.swift */; };
		F54525292833E9140053E218 /* ConversationsViewController.swift in Sources */ = {isa = PBXBuildFile; fileRef = F54525282833E9140053E218 /* ConversationsViewController.swift */; };
		F545252C2833E9140053E218 /* Main.storyboard in Resources */ = {isa = PBXBuildFile; fileRef = F545252A2833E9140053E218 /* Main.storyboard */; };
		F545252E2833E9160053E218 /* Assets.xcassets in Resources */ = {isa = PBXBuildFile; fileRef = F545252D2833E9160053E218 /* Assets.xcassets */; };
		F54525312833E9160053E218 /* LaunchScreen.storyboard in Resources */ = {isa = PBXBuildFile; fileRef = F545252F2833E9160053E218 /* LaunchScreen.storyboard */; };
		F5FA1D052833EC43006C9CA8 /* LoginViewController.swift in Sources */ = {isa = PBXBuildFile; fileRef = F5FA1D042833EC43006C9CA8 /* LoginViewController.swift */; };
		F5FA1D072833EC56006C9CA8 /* RegisterViewController.swift in Sources */ = {isa = PBXBuildFile; fileRef = F5FA1D062833EC56006C9CA8 /* RegisterViewController.swift */; };
		F5FA1D092833EC76006C9CA8 /* PhotoViewController.swift in Sources */ = {isa = PBXBuildFile; fileRef = F5FA1D082833EC76006C9CA8 /* PhotoViewController.swift */; };
		F5FA1D0B2833EC87006C9CA8 /* VideoPlayerViewController.swift in Sources */ = {isa = PBXBuildFile; fileRef = F5FA1D0A2833EC87006C9CA8 /* VideoPlayerViewController.swift */; };
		F5FA1D0D2833EC9C006C9CA8 /* NewConversationViewController.swift in Sources */ = {isa = PBXBuildFile; fileRef = F5FA1D0C2833EC9C006C9CA8 /* NewConversationViewController.swift */; };
		F5FA1D0F2833ECAF006C9CA8 /* ProfileViewController.swift in Sources */ = {isa = PBXBuildFile; fileRef = F5FA1D0E2833ECAF006C9CA8 /* ProfileViewController.swift */; };
/* End PBXBuildFile section */

/* Begin PBXFileReference section */
		F54525212833E9140053E218 /* Messenger.app */ = {isa = PBXFileReference; explicitFileType = wrapper.application; includeInIndex = 0; path = Messenger.app; sourceTree = BUILT_PRODUCTS_DIR; };
		F54525242833E9140053E218 /* AppDelegate.swift */ = {isa = PBXFileReference; lastKnownFileType = sourcecode.swift; path = AppDelegate.swift; sourceTree = "<group>"; };
		F54525262833E9140053E218 /* SceneDelegate.swift */ = {isa = PBXFileReference; lastKnownFileType = sourcecode.swift; path = SceneDelegate.swift; sourceTree = "<group>"; };
		F54525282833E9140053E218 /* ConversationsViewController.swift */ = {isa = PBXFileReference; lastKnownFileType = sourcecode.swift; path = ConversationsViewController.swift; sourceTree = "<group>"; };
		F545252B2833E9140053E218 /* Base */ = {isa = PBXFileReference; lastKnownFileType = file.storyboard; name = Base; path = Base.lproj/Main.storyboard; sourceTree = "<group>"; };
		F545252D2833E9160053E218 /* Assets.xcassets */ = {isa = PBXFileReference; lastKnownFileType = folder.assetcatalog; path = Assets.xcassets; sourceTree = "<group>"; };
		F54525302833E9160053E218 /* Base */ = {isa = PBXFileReference; lastKnownFileType = file.storyboard; name = Base; path = Base.lproj/LaunchScreen.storyboard; sourceTree = "<group>"; };
		F54525322833E9160053E218 /* Info.plist */ = {isa = PBXFileReference; lastKnownFileType = text.plist.xml; path = Info.plist; sourceTree = "<group>"; };
		F5FA1D042833EC43006C9CA8 /* LoginViewController.swift */ = {isa = PBXFileReference; lastKnownFileType = sourcecode.swift; path = LoginViewController.swift; sourceTree = "<group>"; };
		F5FA1D062833EC56006C9CA8 /* RegisterViewController.swift */ = {isa = PBXFileReference; lastKnownFileType = sourcecode.swift; path = RegisterViewController.swift; sourceTree = "<group>"; };
		F5FA1D082833EC76006C9CA8 /* PhotoViewController.swift */ = {isa = PBXFileReference; lastKnownFileType = sourcecode.swift; path = PhotoViewController.swift; sourceTree = "<group>"; };
		F5FA1D0A2833EC87006C9CA8 /* VideoPlayerViewController.swift */ = {isa = PBXFileReference; lastKnownFileType = sourcecode.swift; path = VideoPlayerViewController.swift; sourceTree = "<group>"; };
		F5FA1D0C2833EC9C006C9CA8 /* NewConversationViewController.swift */ = {isa = PBXFileReference; lastKnownFileType = sourcecode.swift; path = NewConversationViewController.swift; sourceTree = "<group>"; };
		F5FA1D0E2833ECAF006C9CA8 /* ProfileViewController.swift */ = {isa = PBXFileReference; lastKnownFileType = sourcecode.swift; path = ProfileViewController.swift; sourceTree = "<group>"; };
/* End PBXFileReference section */

/* Begin PBXFrameworksBuildPhase section */
		F545251E2833E9140053E218 /* Frameworks */ = {
			isa = PBXFrameworksBuildPhase;
			buildActionMask = 2147483647;
			files = (
			);
			runOnlyForDeploymentPostprocessing = 0;
		};
/* End PBXFrameworksBuildPhase section */

/* Begin PBXGroup section */
		F54525182833E9140053E218 = {
			isa = PBXGroup;
			children = (
				F54525232833E9140053E218 /* Messenger */,
				F54525222833E9140053E218 /* Products */,
			);
			sourceTree = "<group>";
		};
		F54525222833E9140053E218 /* Products */ = {
			isa = PBXGroup;
			children = (
				F54525212833E9140053E218 /* Messenger.app */,
			);
			name = Products;
			sourceTree = "<group>";
		};
		F54525232833E9140053E218 /* Messenger */ = {
			isa = PBXGroup;
			children = (
				F545253C2833EA2D0053E218 /* Resources */,
				F545253B2833EA200053E218 /* ViewModels */,
				F545253A2833E9D80053E218 /* Models */,
				F54525392833E9D10053E218 /* Views */,
				F54525382833E9C60053E218 /* Controllers */,
				F54525322833E9160053E218 /* Info.plist */,
			);
			path = Messenger;
			sourceTree = "<group>";
		};
		F54525382833E9C60053E218 /* Controllers */ = {
			isa = PBXGroup;
			children = (
				F54525282833E9140053E218 /* ConversationsViewController.swift */,
				F5FA1D042833EC43006C9CA8 /* LoginViewController.swift */,
				F5FA1D062833EC56006C9CA8 /* RegisterViewController.swift */,
				F5FA1D082833EC76006C9CA8 /* PhotoViewController.swift */,
				F5FA1D0A2833EC87006C9CA8 /* VideoPlayerViewController.swift */,
				F5FA1D0C2833EC9C006C9CA8 /* NewConversationViewController.swift */,
				F5FA1D0E2833ECAF006C9CA8 /* ProfileViewController.swift */,
			);
			path = Controllers;
			sourceTree = "<group>";
		};
		F54525392833E9D10053E218 /* Views */ = {
			isa = PBXGroup;
			children = (
				F545253D2833EA540053E218 /* Storyboards */,
				F545252D2833E9160053E218 /* Assets.xcassets */,
			);
			path = Views;
			sourceTree = "<group>";
		};
		F545253A2833E9D80053E218 /* Models */ = {
			isa = PBXGroup;
			children = (
			);
			path = Models;
			sourceTree = "<group>";
		};
		F545253B2833EA200053E218 /* ViewModels */ = {
			isa = PBXGroup;
			children = (
			);
			path = ViewModels;
			sourceTree = "<group>";
		};
		F545253C2833EA2D0053E218 /* Resources */ = {
			isa = PBXGroup;
			children = (
				F54525242833E9140053E218 /* AppDelegate.swift */,
				F54525262833E9140053E218 /* SceneDelegate.swift */,
			);
			path = Resources;
			sourceTree = "<group>";
		};
		F545253D2833EA540053E218 /* Storyboards */ = {
			isa = PBXGroup;
			children = (
				F545252A2833E9140053E218 /* Main.storyboard */,
				F545252F2833E9160053E218 /* LaunchScreen.storyboard */,
			);
			path = Storyboards;
			sourceTree = "<group>";
		};
/* End PBXGroup section */

/* Begin PBXNativeTarget section */
		F54525202833E9140053E218 /* Messenger */ = {
			isa = PBXNativeTarget;
			buildConfigurationList = F54525352833E9160053E218 /* Build configuration list for PBXNativeTarget "Messenger" */;
			buildPhases = (
				F545251D2833E9140053E218 /* Sources */,
				F545251E2833E9140053E218 /* Frameworks */,
				F545251F2833E9140053E218 /* Resources */,
			);
			buildRules = (
			);
			dependencies = (
			);
			name = Messenger;
			productName = Messenger;
			productReference = F54525212833E9140053E218 /* Messenger.app */;
			productType = "com.apple.product-type.application";
		};
/* End PBXNativeTarget section */

/* Begin PBXProject section */
		F54525192833E9140053E218 /* Project object */ = {
			isa = PBXProject;
			attributes = {
				BuildIndependentTargetsInParallel = 1;
				LastSwiftUpdateCheck = 1310;
				LastUpgradeCheck = 1310;
				TargetAttributes = {
					F54525202833E9140053E218 = {
						CreatedOnToolsVersion = 13.1;
					};
				};
			};
			buildConfigurationList = F545251C2833E9140053E218 /* Build configuration list for PBXProject "Messenger" */;
			compatibilityVersion = "Xcode 13.0";
			developmentRegion = en;
			hasScannedForEncodings = 0;
			knownRegions = (
				en,
				Base,
			);
			mainGroup = F54525182833E9140053E218;
			productRefGroup = F54525222833E9140053E218 /* Products */;
			projectDirPath = "";
			projectRoot = "";
			targets = (
				F54525202833E9140053E218 /* Messenger */,
			);
		};
/* End PBXProject section */

/* Begin PBXResourcesBuildPhase section */
		F545251F2833E9140053E218 /* Resources */ = {
			isa = PBXResourcesBuildPhase;
			buildActionMask = 2147483647;
			files = (
				F54525312833E9160053E218 /* LaunchScreen.storyboard in Resources */,
				F545252E2833E9160053E218 /* Assets.xcassets in Resources */,
				F545252C2833E9140053E218 /* Main.storyboard in Resources */,
			);
			runOnlyForDeploymentPostprocessing = 0;
		};
/* End PBXResourcesBuildPhase section */

/* Begin PBXSourcesBuildPhase section */
		F545251D2833E9140053E218 /* Sources */ = {
			isa = PBXSourcesBuildPhase;
			buildActionMask = 2147483647;
			files = (
				F5FA1D052833EC43006C9CA8 /* LoginViewController.swift in Sources */,
				F5FA1D072833EC56006C9CA8 /* RegisterViewController.swift in Sources */,
				F5FA1D0D2833EC9C006C9CA8 /* NewConversationViewController.swift in Sources */,
				F54525292833E9140053E218 /* ConversationsViewController.swift in Sources */,
				F5FA1D0B2833EC87006C9CA8 /* VideoPlayerViewController.swift in Sources */,
				F54525252833E9140053E218 /* AppDelegate.swift in Sources */,
				F5FA1D0F2833ECAF006C9CA8 /* ProfileViewController.swift in Sources */,
				F54525272833E9140053E218 /* SceneDelegate.swift in Sources */,
				F5FA1D092833EC76006C9CA8 /* PhotoViewController.swift in Sources */,
			);
			runOnlyForDeploymentPostprocessing = 0;
		};
/* End PBXSourcesBuildPhase section */

/* Begin PBXVariantGroup section */
		F545252A2833E9140053E218 /* Main.storyboard */ = {
			isa = PBXVariantGroup;
			children = (
				F545252B2833E9140053E218 /* Base */,
			);
			name = Main.storyboard;
			sourceTree = "<group>";
		};
		F545252F2833E9160053E218 /* LaunchScreen.storyboard */ = {
			isa = PBXVariantGroup;
			children = (
				F54525302833E9160053E218 /* Base */,
			);
			name = LaunchScreen.storyboard;
			sourceTree = "<group>";
		};
/* End PBXVariantGroup section */

/* Begin XCBuildConfiguration section */
		F54525332833E9160053E218 /* Debug */ = {
			isa = XCBuildConfiguration;
			buildSettings = {
				ALWAYS_SEARCH_USER_PATHS = NO;
				CLANG_ANALYZER_NONNULL = YES;
				CLANG_ANALYZER_NUMBER_OBJECT_CONVERSION = YES_AGGRESSIVE;
				CLANG_CXX_LANGUAGE_STANDARD = "gnu++17";
				CLANG_CXX_LIBRARY = "libc++";
				CLANG_ENABLE_MODULES = YES;
				CLANG_ENABLE_OBJC_ARC = YES;
				CLANG_ENABLE_OBJC_WEAK = YES;
				CLANG_WARN_BLOCK_CAPTURE_AUTORELEASING = YES;
				CLANG_WARN_BOOL_CONVERSION = YES;
				CLANG_WARN_COMMA = YES;
				CLANG_WARN_CONSTANT_CONVERSION = YES;
				CLANG_WARN_DEPRECATED_OBJC_IMPLEMENTATIONS = YES;
				CLANG_WARN_DIRECT_OBJC_ISA_USAGE = YES_ERROR;
				CLANG_WARN_DOCUMENTATION_COMMENTS = YES;
				CLANG_WARN_EMPTY_BODY = YES;
				CLANG_WARN_ENUM_CONVERSION = YES;
				CLANG_WARN_INFINITE_RECURSION = YES;
				CLANG_WARN_INT_CONVERSION = YES;
				CLANG_WARN_NON_LITERAL_NULL_CONVERSION = YES;
				CLANG_WARN_OBJC_IMPLICIT_RETAIN_SELF = YES;
				CLANG_WARN_OBJC_LITERAL_CONVERSION = YES;
				CLANG_WARN_OBJC_ROOT_CLASS = YES_ERROR;
				CLANG_WARN_QUOTED_INCLUDE_IN_FRAMEWORK_HEADER = YES;
				CLANG_WARN_RANGE_LOOP_ANALYSIS = YES;
				CLANG_WARN_STRICT_PROTOTYPES = YES;
				CLANG_WARN_SUSPICIOUS_MOVE = YES;
				CLANG_WARN_UNGUARDED_AVAILABILITY = YES_AGGRESSIVE;
				CLANG_WARN_UNREACHABLE_CODE = YES;
				CLANG_WARN__DUPLICATE_METHOD_MATCH = YES;
				COPY_PHASE_STRIP = NO;
				DEBUG_INFORMATION_FORMAT = dwarf;
				ENABLE_STRICT_OBJC_MSGSEND = YES;
				ENABLE_TESTABILITY = YES;
				GCC_C_LANGUAGE_STANDARD = gnu11;
				GCC_DYNAMIC_NO_PIC = NO;
				GCC_NO_COMMON_BLOCKS = YES;
				GCC_OPTIMIZATION_LEVEL = 0;
				GCC_PREPROCESSOR_DEFINITIONS = (
					"DEBUG=1",
					"$(inherited)",
				);
				GCC_WARN_64_TO_32_BIT_CONVERSION = YES;
				GCC_WARN_ABOUT_RETURN_TYPE = YES_ERROR;
				GCC_WARN_UNDECLARED_SELECTOR = YES;
				GCC_WARN_UNINITIALIZED_AUTOS = YES_AGGRESSIVE;
				GCC_WARN_UNUSED_FUNCTION = YES;
				GCC_WARN_UNUSED_VARIABLE = YES;
				IPHONEOS_DEPLOYMENT_TARGET = 15.0;
				MTL_ENABLE_DEBUG_INFO = INCLUDE_SOURCE;
				MTL_FAST_MATH = YES;
				ONLY_ACTIVE_ARCH = YES;
				SDKROOT = iphoneos;
				SWIFT_ACTIVE_COMPILATION_CONDITIONS = DEBUG;
				SWIFT_OPTIMIZATION_LEVEL = "-Onone";
			};
			name = Debug;
		};
		F54525342833E9160053E218 /* Release */ = {
			isa = XCBuildConfiguration;
			buildSettings = {
				ALWAYS_SEARCH_USER_PATHS = NO;
				CLANG_ANALYZER_NONNULL = YES;
				CLANG_ANALYZER_NUMBER_OBJECT_CONVERSION = YES_AGGRESSIVE;
				CLANG_CXX_LANGUAGE_STANDARD = "gnu++17";
				CLANG_CXX_LIBRARY = "libc++";
				CLANG_ENABLE_MODULES = YES;
				CLANG_ENABLE_OBJC_ARC = YES;
				CLANG_ENABLE_OBJC_WEAK = YES;
				CLANG_WARN_BLOCK_CAPTURE_AUTORELEASING = YES;
				CLANG_WARN_BOOL_CONVERSION = YES;
				CLANG_WARN_COMMA = YES;
				CLANG_WARN_CONSTANT_CONVERSION = YES;
				CLANG_WARN_DEPRECATED_OBJC_IMPLEMENTATIONS = YES;
				CLANG_WARN_DIRECT_OBJC_ISA_USAGE = YES_ERROR;
				CLANG_WARN_DOCUMENTATION_COMMENTS = YES;
				CLANG_WARN_EMPTY_BODY = YES;
				CLANG_WARN_ENUM_CONVERSION = YES;
				CLANG_WARN_INFINITE_RECURSION = YES;
				CLANG_WARN_INT_CONVERSION = YES;
				CLANG_WARN_NON_LITERAL_NULL_CONVERSION = YES;
				CLANG_WARN_OBJC_IMPLICIT_RETAIN_SELF = YES;
				CLANG_WARN_OBJC_LITERAL_CONVERSION = YES;
				CLANG_WARN_OBJC_ROOT_CLASS = YES_ERROR;
				CLANG_WARN_QUOTED_INCLUDE_IN_FRAMEWORK_HEADER = YES;
				CLANG_WARN_RANGE_LOOP_ANALYSIS = YES;
				CLANG_WARN_STRICT_PROTOTYPES = YES;
				CLANG_WARN_SUSPICIOUS_MOVE = YES;
				CLANG_WARN_UNGUARDED_AVAILABILITY = YES_AGGRESSIVE;
				CLANG_WARN_UNREACHABLE_CODE = YES;
				CLANG_WARN__DUPLICATE_METHOD_MATCH = YES;
				COPY_PHASE_STRIP = NO;
				DEBUG_INFORMATION_FORMAT = "dwarf-with-dsym";
				ENABLE_NS_ASSERTIONS = NO;
				ENABLE_STRICT_OBJC_MSGSEND = YES;
				GCC_C_LANGUAGE_STANDARD = gnu11;
				GCC_NO_COMMON_BLOCKS = YES;
				GCC_WARN_64_TO_32_BIT_CONVERSION = YES;
				GCC_WARN_ABOUT_RETURN_TYPE = YES_ERROR;
				GCC_WARN_UNDECLARED_SELECTOR = YES;
				GCC_WARN_UNINITIALIZED_AUTOS = YES_AGGRESSIVE;
				GCC_WARN_UNUSED_FUNCTION = YES;
				GCC_WARN_UNUSED_VARIABLE = YES;
				IPHONEOS_DEPLOYMENT_TARGET = 15.0;
				MTL_ENABLE_DEBUG_INFO = NO;
				MTL_FAST_MATH = YES;
				SDKROOT = iphoneos;
				SWIFT_COMPILATION_MODE = wholemodule;
				SWIFT_OPTIMIZATION_LEVEL = "-O";
				VALIDATE_PRODUCT = YES;
			};
			name = Release;
		};
		F54525362833E9160053E218 /* Debug */ = {
			isa = XCBuildConfiguration;
			buildSettings = {
				ASSETCATALOG_COMPILER_APPICON_NAME = AppIcon;
				ASSETCATALOG_COMPILER_GLOBAL_ACCENT_COLOR_NAME = AccentColor;
				CODE_SIGN_STYLE = Automatic;
				CURRENT_PROJECT_VERSION = 1;
				DEVELOPMENT_TEAM = 7KTJ5GSQ7L;
				GENERATE_INFOPLIST_FILE = YES;
				INFOPLIST_FILE = Messenger/Info.plist;
				INFOPLIST_KEY_UIApplicationSupportsIndirectInputEvents = YES;
				INFOPLIST_KEY_UILaunchStoryboardName = LaunchScreen;
				INFOPLIST_KEY_UIMainStoryboardFile = Main;
				INFOPLIST_KEY_UISupportedInterfaceOrientations = UIInterfaceOrientationPortrait;
				INFOPLIST_KEY_UISupportedInterfaceOrientations_iPad = "UIInterfaceOrientationPortrait UIInterfaceOrientationPortraitUpsideDown UIInterfaceOrientationLandscapeLeft UIInterfaceOrientationLandscapeRight";
				INFOPLIST_KEY_UISupportedInterfaceOrientations_iPhone = "UIInterfaceOrientationPortrait UIInterfaceOrientationLandscapeLeft UIInterfaceOrientationLandscapeRight";
				IPHONEOS_DEPLOYMENT_TARGET = 13.0;
				LD_RUNPATH_SEARCH_PATHS = (
					"$(inherited)",
					"@executable_path/Frameworks",
				);
				MARKETING_VERSION = 1.0;
				PRODUCT_BUNDLE_IDENTIFIER = pedrocoloma.me.Messenger;
				PRODUCT_NAME = "$(TARGET_NAME)";
				SWIFT_EMIT_LOC_STRINGS = YES;
				SWIFT_VERSION = 5.0;
				TARGETED_DEVICE_FAMILY = "1,2";
			};
			name = Debug;
		};
		F54525372833E9160053E218 /* Release */ = {
			isa = XCBuildConfiguration;
			buildSettings = {
				ASSETCATALOG_COMPILER_APPICON_NAME = AppIcon;
				ASSETCATALOG_COMPILER_GLOBAL_ACCENT_COLOR_NAME = AccentColor;
				CODE_SIGN_STYLE = Automatic;
				CURRENT_PROJECT_VERSION = 1;
				DEVELOPMENT_TEAM = 7KTJ5GSQ7L;
				GENERATE_INFOPLIST_FILE = YES;
				INFOPLIST_FILE = Messenger/Info.plist;
				INFOPLIST_KEY_UIApplicationSupportsIndirectInputEvents = YES;
				INFOPLIST_KEY_UILaunchStoryboardName = LaunchScreen;
				INFOPLIST_KEY_UIMainStoryboardFile = Main;
				INFOPLIST_KEY_UISupportedInterfaceOrientations = UIInterfaceOrientationPortrait;
				INFOPLIST_KEY_UISupportedInterfaceOrientations_iPad = "UIInterfaceOrientationPortrait UIInterfaceOrientationPortraitUpsideDown UIInterfaceOrientationLandscapeLeft UIInterfaceOrientationLandscapeRight";
				INFOPLIST_KEY_UISupportedInterfaceOrientations_iPhone = "UIInterfaceOrientationPortrait UIInterfaceOrientationLandscapeLeft UIInterfaceOrientationLandscapeRight";
				IPHONEOS_DEPLOYMENT_TARGET = 13.0;
				LD_RUNPATH_SEARCH_PATHS = (
					"$(inherited)",
					"@executable_path/Frameworks",
				);
				MARKETING_VERSION = 1.0;
				PRODUCT_BUNDLE_IDENTIFIER = pedrocoloma.me.Messenger;
				PRODUCT_NAME = "$(TARGET_NAME)";
				SWIFT_EMIT_LOC_STRINGS = YES;
				SWIFT_VERSION = 5.0;
				TARGETED_DEVICE_FAMILY = "1,2";
			};
			name = Release;
		};
/* End XCBuildConfiguration section */

/* Begin XCConfigurationList section */
		F545251C2833E9140053E218 /* Build configuration list for PBXProject "Messenger" */ = {
			isa = XCConfigurationList;
			buildConfigurations = (
				F54525332833E9160053E218 /* Debug */,
				F54525342833E9160053E218 /* Release */,
			);
			defaultConfigurationIsVisible = 0;
			defaultConfigurationName = Release;
		};
		F54525352833E9160053E218 /* Build configuration list for PBXNativeTarget "Messenger" */ = {
			isa = XCConfigurationList;
			buildConfigurations = (
				F54525362833E9160053E218 /* Debug */,
				F54525372833E9160053E218 /* Release */,
			);
			defaultConfigurationIsVisible = 0;
			defaultConfigurationName = Release;
		};
/* End XCConfigurationList section */
	};
	rootObject = F54525192833E9140053E218 /* Project object */;
}
